{
  "lockfile_version": "1",
  "packages": {
    "github:NixOS/nixpkgs/nixpkgs-unstable": {
      "resolved": "github:NixOS/nixpkgs/2d9e4457f8e83120c9fdf6f1707ed0bc603e5ac9?lastModified=1741462378&narHash=sha256-ZF3YOjq%2BvTcH51S%2BqWa1oGA9FgmdJ67nTNPG2OIlXDc%3D"
    },
    "go@1.24": {
      "last_modified": "2025-02-12T00:10:52Z",
      "resolved": "github:NixOS/nixpkgs/83a2581c81ff5b06f7c1a4e7cc736a455dfcf7b4#go_1_24",
      "source": "devbox-search",
      "version": "1.24.0",
      "systems": {
        "aarch64-darwin": {
          "outputs": [
            {
              "name": "out",
              "path": "/nix/store/qldcnifalkvyah0wnv7m4zb854yd9l88-go-1.24.0",
              "default": true
            }
          ],
          "store_path": "/nix/store/qldcnifalkvyah0wnv7m4zb854yd9l88-go-1.24.0"
        },
        "aarch64-linux": {
          "outputs": [
            {
              "name": "out",
              "path": "/nix/store/rrxgml7w4pfmibjbspkdvrw8vd2vnarb-go-1.24.0",
              "default": true
            }
          ],
          "store_path": "/nix/store/rrxgml7w4pfmibjbspkdvrw8vd2vnarb-go-1.24.0"
        },
        "x86_64-darwin": {
          "outputs": [
            {
              "name": "out",
              "path": "/nix/store/7imv22pl4qrjwvi6jzlfb305rc2min45-go-1.24.0",
              "default": true
            }
          ],
          "store_path": "/nix/store/7imv22pl4qrjwvi6jzlfb305rc2min45-go-1.24.0"
        },
        "x86_64-linux": {
          "outputs": [
            {
              "name": "out",
              "path": "/nix/store/vh5d5bj1sljdhdypy80x1ydx2jx6rv2q-go-1.24.0",
              "default": true
            }
          ],
          "store_path": "/nix/store/vh5d5bj1sljdhdypy80x1ydx2jx6rv2q-go-1.24.0"
        }
      }
    },
    "golangci-lint@1.64": {
      "last_modified": "2025-02-16T21:44:05Z",
      "resolved": "github:NixOS/nixpkgs/f0204ef4baa3b6317dee1c84ddeffbd293638836#golangci-lint",
      "source": "devbox-search",
      "version": "1.64.5",
      "systems": {
        "aarch64-darwin": {
          "outputs": [
            {
              "name": "out",
              "path": "/nix/store/jh2f466rbi0pgk6f3w8jdzy4qyccybz3-golangci-lint-1.64.5",
              "default": true
            }
          ],
          "store_path": "/nix/store/jh2f466rbi0pgk6f3w8jdzy4qyccybz3-golangci-lint-1.64.5"
        },
        "aarch64-linux": {
          "outputs": [
            {
              "name": "out",
              "path": "/nix/store/63mvzwlqana7bfcy8jzmn3fvkn46k0p6-golangci-lint-1.64.5",
              "default": true
            }
          ],
          "store_path": "/nix/store/63mvzwlqana7bfcy8jzmn3fvkn46k0p6-golangci-lint-1.64.5"
        },
        "x86_64-darwin": {
          "outputs": [
            {
              "name": "out",
              "path": "/nix/store/d662i9k8p2alplmxc3bqypc646x7wy1b-golangci-lint-1.64.5",
              "default": true
            }
          ],
          "store_path": "/nix/store/d662i9k8p2alplmxc3bqypc646x7wy1b-golangci-lint-1.64.5"
        },
        "x86_64-linux": {
          "outputs": [
            {
              "name": "out",
              "path": "/nix/store/25732rsdh49iwjrik69sb9cfhiza00b5-golangci-lint-1.64.5",
              "default": true
            }
          ],
          "store_path": "/nix/store/25732rsdh49iwjrik69sb9cfhiza00b5-golangci-lint-1.64.5"
        }
      }
    },
    "goreleaser@2.4": {
      "last_modified": "2024-12-03T12:40:06Z",
      "resolved": "github:NixOS/nixpkgs/566e53c2ad750c84f6d31f9ccb9d00f823165550#goreleaser",
      "source": "devbox-search",
      "version": "2.4.8",
      "systems": {
        "aarch64-darwin": {
          "outputs": [
            {
              "name": "out",
              "path": "/nix/store/yppvz56frigcfcb3my75bsh5ld9vq4yv-goreleaser-2.4.8",
              "default": true
            }
          ],
          "store_path": "/nix/store/yppvz56frigcfcb3my75bsh5ld9vq4yv-goreleaser-2.4.8"
        },
        "aarch64-linux": {
          "outputs": [
            {
              "name": "out",
              "path": "/nix/store/0fywzjcvcmkq5fy7mk7klikzdldmmn5f-goreleaser-2.4.8",
              "default": true
            }
          ],
          "store_path": "/nix/store/0fywzjcvcmkq5fy7mk7klikzdldmmn5f-goreleaser-2.4.8"
        },
        "x86_64-darwin": {
          "outputs": [
            {
              "name": "out",
              "path": "/nix/store/c3z8xsv47avq7g4wa3vmnn8la5yc9nnq-goreleaser-2.4.8",
              "default": true
            }
          ],
          "store_path": "/nix/store/c3z8xsv47avq7g4wa3vmnn8la5yc9nnq-goreleaser-2.4.8"
        },
        "x86_64-linux": {
          "outputs": [
            {
              "name": "out",
              "path": "/nix/store/klg4498jc6qangbk4pz6mvhf2lrcs3q0-goreleaser-2.4.8",
              "default": true
            }
          ],
          "store_path": "/nix/store/klg4498jc6qangbk4pz6mvhf2lrcs3q0-goreleaser-2.4.8"
        }
      }
    }
  }
}
