{
  "lockfile_version": "1",
  "packages": {
    "github:NixOS/nixpkgs/nixpkgs-unstable": {
      "resolved": "github:NixOS/nixpkgs/6a39c6e495eefabc935d8ddf66aa45d85b85fa3f?lastModified=1744157173&narHash=sha256-bWSjxDwq7iVePrhmA7tY2dyMWHuNJo8knkO4y%2Bq4ZkY%3D"
    },
    "go@1.24": {
      "last_modified": "2025-03-11T17:52:14Z",
      "resolved": "github:NixOS/nixpkgs/0d534853a55b5d02a4ababa1d71921ce8f0aee4c#go",
      "source": "devbox-search",
      "version": "1.24.1",
      "systems": {
        "aarch64-darwin": {
          "outputs": [
            {
              "name": "out",
              "path": "/nix/store/ja4jxx60lh1qfqfl4z4p2rff56ia1c3c-go-1.24.1",
              "default": true
            }
          ],
          "store_path": "/nix/store/ja4jxx60lh1qfqfl4z4p2rff56ia1c3c-go-1.24.1"
        },
        "aarch64-linux": {
          "outputs": [
            {
              "name": "out",
              "path": "/nix/store/8ply43gnxk1xwichr81mpgbjcd9a1y5w-go-1.24.1",
              "default": true
            }
          ],
          "store_path": "/nix/store/8ply43gnxk1xwichr81mpgbjcd9a1y5w-go-1.24.1"
        },
        "x86_64-darwin": {
          "outputs": [
            {
              "name": "out",
              "path": "/nix/store/87yxrfx5lh78bdz393i33cr5z23x06q4-go-1.24.1",
              "default": true
            }
          ],
          "store_path": "/nix/store/87yxrfx5lh78bdz393i33cr5z23x06q4-go-1.24.1"
        },
        "x86_64-linux": {
          "outputs": [
            {
              "name": "out",
              "path": "/nix/store/cfjhl0kn7xc65466pha9fkrvigw3g72n-go-1.24.1",
              "default": true
            }
          ],
          "store_path": "/nix/store/cfjhl0kn7xc65466pha9fkrvigw3g72n-go-1.24.1"
        }
      }
    },
    "golangci-lint@1.64": {
      "last_modified": "2025-03-23T14:04:58Z",
      "resolved": "github:NixOS/nixpkgs/f3a2a0601e9669a6e38af25b46ce6c4563bcb6da#golangci-lint",
      "source": "devbox-search",
      "version": "1.64.8",
      "systems": {
        "aarch64-darwin": {
          "outputs": [
            {
              "name": "out",
              "path": "/nix/store/8142ildg0bp11j0ssdc77il5rxv25sm8-golangci-lint-1.64.8",
              "default": true
            }
          ],
          "store_path": "/nix/store/8142ildg0bp11j0ssdc77il5rxv25sm8-golangci-lint-1.64.8"
        },
        "aarch64-linux": {
          "outputs": [
            {
              "name": "out",
              "path": "/nix/store/pl31v3jjbrf8l0ll7xg40dw3s2xgxbaa-golangci-lint-1.64.8",
              "default": true
            }
          ],
          "store_path": "/nix/store/pl31v3jjbrf8l0ll7xg40dw3s2xgxbaa-golangci-lint-1.64.8"
        },
        "x86_64-darwin": {
          "outputs": [
            {
              "name": "out",
              "path": "/nix/store/0lz3b95c0y9mh95dl0jyiyn76fjxq3yf-golangci-lint-1.64.8",
              "default": true
            }
          ],
          "store_path": "/nix/store/0lz3b95c0y9mh95dl0jyiyn76fjxq3yf-golangci-lint-1.64.8"
        },
        "x86_64-linux": {
          "outputs": [
            {
              "name": "out",
              "path": "/nix/store/9xz2x85fpbblk2mpwj54azimxx4cvkb1-golangci-lint-1.64.8",
              "default": true
            }
          ],
          "store_path": "/nix/store/9xz2x85fpbblk2mpwj54azimxx4cvkb1-golangci-lint-1.64.8"
        }
      }
    },
    "goreleaser@2.4": {
      "last_modified": "2024-12-03T12:40:06Z",
      "resolved": "github:NixOS/nixpkgs/566e53c2ad750c84f6d31f9ccb9d00f823165550#goreleaser",
      "source": "devbox-search",
      "version": "2.4.8",
      "systems": {
        "aarch64-darwin": {
          "outputs": [
            {
              "name": "out",
              "path": "/nix/store/yppvz56frigcfcb3my75bsh5ld9vq4yv-goreleaser-2.4.8",
              "default": true
            }
          ],
          "store_path": "/nix/store/yppvz56frigcfcb3my75bsh5ld9vq4yv-goreleaser-2.4.8"
        },
        "aarch64-linux": {
          "outputs": [
            {
              "name": "out",
              "path": "/nix/store/0fywzjcvcmkq5fy7mk7klikzdldmmn5f-goreleaser-2.4.8",
              "default": true
            }
          ],
          "store_path": "/nix/store/0fywzjcvcmkq5fy7mk7klikzdldmmn5f-goreleaser-2.4.8"
        },
        "x86_64-darwin": {
          "outputs": [
            {
              "name": "out",
              "path": "/nix/store/c3z8xsv47avq7g4wa3vmnn8la5yc9nnq-goreleaser-2.4.8",
              "default": true
            }
          ],
          "store_path": "/nix/store/c3z8xsv47avq7g4wa3vmnn8la5yc9nnq-goreleaser-2.4.8"
        },
        "x86_64-linux": {
          "outputs": [
            {
              "name": "out",
              "path": "/nix/store/klg4498jc6qangbk4pz6mvhf2lrcs3q0-goreleaser-2.4.8",
              "default": true
            }
          ],
          "store_path": "/nix/store/klg4498jc6qangbk4pz6mvhf2lrcs3q0-goreleaser-2.4.8"
        }
      }
    },
    "python312@3.12": {
      "last_modified": "2024-06-12T20:55:33Z",
      "plugin_version": "0.0.4",
      "resolved": "github:NixOS/nixpkgs/a9858885e197f984d92d7fe64e9fff6b2e488d40#python312",
      "source": "devbox-search",
      "version": "3.12.3",
      "systems": {
        "aarch64-darwin": {
          "outputs": [
            {
              "name": "out",
              "path": "/nix/store/65ackbgqn02p6fy75rksjbp17zj6440j-python3-3.12.3",
              "default": true
            }
          ],
          "store_path": "/nix/store/65ackbgqn02p6fy75rksjbp17zj6440j-python3-3.12.3"
        },
        "aarch64-linux": {
          "outputs": [
            {
              "name": "out",
              "path": "/nix/store/59siylp1k9i3ch4d9m3vs5jp5z56b5sg-python3-3.12.3",
              "default": true
            },
            {
              "name": "debug",
              "path": "/nix/store/ji094818a78hrkag26202b21nr5v1pgk-python3-3.12.3-debug"
            }
          ],
          "store_path": "/nix/store/59siylp1k9i3ch4d9m3vs5jp5z56b5sg-python3-3.12.3"
        },
        "x86_64-darwin": {
          "outputs": [
            {
              "name": "out",
              "path": "/nix/store/nrskm5p85y6751k02ih51bpzfag8g5r8-python3-3.12.3",
              "default": true
            }
          ],
          "store_path": "/nix/store/nrskm5p85y6751k02ih51bpzfag8g5r8-python3-3.12.3"
        },
        "x86_64-linux": {
          "outputs": [
            {
              "name": "out",
              "path": "/nix/store/zwvdwiw0zg5liz6lkkkqyab035parhld-python3-3.12.3",
              "default": true
            },
            {
              "name": "debug",
              "path": "/nix/store/wj6mffmpvly3md2hqnq2jj8zrrw5qck9-python3-3.12.3-debug"
            }
          ],
          "store_path": "/nix/store/zwvdwiw0zg5liz6lkkkqyab035parhld-python3-3.12.3"
        }
      }
    }
  }
}
